
Microsoft Visual Studio Solution File, Format Version 12.00
# Visual Studio Version 17
VisualStudioVersion = 17.3.32929.385
MinimumVisualStudioVersion = 10.0.40219.1
Project("{FAE04EC0-301F-11D3-BF4B-00C04F79EFBC}") = "ExcersiseTwo", "ExcersiseTwo.csproj", "{3AFD0B50-7955-4B42-BCC3-7C1438A48997}"
EndProject
Project("{FAE04EC0-301F-11D3-BF4B-00C04F79EFBC}") = "ExcersiseTwoTest", "..\ExcersiseTwoTest\ExcersiseTwoTest.csproj", "{F935DF2F-05BE-4113-84CC-E6AF1EECB733}"
EndProject
Global
	GlobalSection(SolutionConfigurationPlatforms) = preSolution
		Debug|Any CPU = Debug|Any CPU
		Release|Any CPU = Release|Any CPU
	EndGlobalSection
	GlobalSection(ProjectConfigurationPlatforms) = postSolution
		{3AFD0B50-7955-4B42-BCC3-7C1438A48997}.Debug|Any CPU.ActiveCfg = Debug|Any CPU
		{3AFD0B50-7955-4B42-BCC3-7C1438A48997}.Debug|Any CPU.Build.0 = Debug|Any CPU
		{3AFD0B50-7955-4B42-BCC3-7C1438A48997}.Release|Any CPU.ActiveCfg = Release|Any CPU
		{3AFD0B50-7955-4B42-BCC3-7C1438A48997}.Release|Any CPU.Build.0 = Release|Any CPU
		{F935DF2F-05BE-4113-84CC-E6AF1EECB733}.Debug|Any CPU.ActiveCfg = Debug|Any CPU
		{F935DF2F-05BE-4113-84CC-E6AF1EECB733}.Debug|Any CPU.Build.0 = Debug|Any CPU
		{F935DF2F-05BE-4113-84CC-E6AF1EECB733}.Release|Any CPU.ActiveCfg = Release|Any CPU
		{F935DF2F-05BE-4113-84CC-E6AF1EECB733}.Release|Any CPU.Build.0 = Release|Any CPU
	EndGlobalSection
	GlobalSection(SolutionProperties) = preSolution
		HideSolutionNode = FALSE
	EndGlobalSection
	GlobalSection(ExtensibilityGlobals) = postSolution
		SolutionGuid = {42D44CBB-A398-4503-95C5-6B666FA3DCA5}
	EndGlobalSection
EndGlobal
