
Microsoft Visual Studio Solution File, Format Version 12.00
# Visual Studio Version 17
VisualStudioVersion = 17.3.32929.385
MinimumVisualStudioVersion = 10.0.40219.1
Project("{FAE04EC0-301F-11D3-BF4B-00C04F79EFBC}") = "ExcersiseSix", "ExcersiseSix\ExcersiseSix.csproj", "{3129C021-5081-480E-90BD-AD24CB0DBA8D}"
EndProject
Project("{FAE04EC0-301F-11D3-BF4B-00C04F79EFBC}") = "ExcersiseSixTest", "ExcersiseSixTest\ExcersiseSixTest.csproj", "{F2BC7B7B-ADDE-4DBC-8157-75CCDBE8AB74}"
EndProject
Global
	GlobalSection(SolutionConfigurationPlatforms) = preSolution
		Debug|Any CPU = Debug|Any CPU
		Release|Any CPU = Release|Any CPU
	EndGlobalSection
	GlobalSection(ProjectConfigurationPlatforms) = postSolution
		{3129C021-5081-480E-90BD-AD24CB0DBA8D}.Debug|Any CPU.ActiveCfg = Debug|Any CPU
		{3129C021-5081-480E-90BD-AD24CB0DBA8D}.Debug|Any CPU.Build.0 = Debug|Any CPU
		{3129C021-5081-480E-90BD-AD24CB0DBA8D}.Release|Any CPU.ActiveCfg = Release|Any CPU
		{3129C021-5081-480E-90BD-AD24CB0DBA8D}.Release|Any CPU.Build.0 = Release|Any CPU
		{F2BC7B7B-ADDE-4DBC-8157-75CCDBE8AB74}.Debug|Any CPU.ActiveCfg = Debug|Any CPU
		{F2BC7B7B-ADDE-4DBC-8157-75CCDBE8AB74}.Debug|Any CPU.Build.0 = Debug|Any CPU
		{F2BC7B7B-ADDE-4DBC-8157-75CCDBE8AB74}.Release|Any CPU.ActiveCfg = Release|Any CPU
		{F2BC7B7B-ADDE-4DBC-8157-75CCDBE8AB74}.Release|Any CPU.Build.0 = Release|Any CPU
	EndGlobalSection
	GlobalSection(SolutionProperties) = preSolution
		HideSolutionNode = FALSE
	EndGlobalSection
	GlobalSection(ExtensibilityGlobals) = postSolution
		SolutionGuid = {6DE51EE4-A6DB-4E47-8E6C-BDF4DA8EFC43}
	EndGlobalSection
EndGlobal
